# THIS IS AN AUTOGENERATED FILE. DO NOT EDIT THIS FILE DIRECTLY.
# yarn lockfile v1


"@popmotion/easing@^1.0.2":
  version "1.0.2"
  resolved "https://registry.yarnpkg.com/@popmotion/easing/-/easing-1.0.2.tgz#17d925c45b4bf44189e5a38038d149df42d8c0b4"
  integrity sha512-IkdW0TNmRnWTeWI7aGQIVDbKXPWHVEYdGgd5ZR4SH/Ty/61p63jCjrPxX1XrR7IGkl08bjhJROStD7j+RKgoIw==
